
Microsoft Visual Studio Solution File, Format Version 12.00
# Visual Studio Version 17
VisualStudioVersion = 17.3.32811.315
MinimumVisualStudioVersion = 10.0.40219.1
Project("{9A19103F-16F7-4668-BE54-9A1E7A4F7556}") = "AvansFysioWebService", "Avans Fysio WebService\AvansFysioWebService.csproj", "{253C662D-4722-4B1E-88BD-B8098A8E44BC}"
EndProject
Project("{2150E333-8FDC-42A3-9474-1A3956D46DE8}") = "Solution Items", "Solution Items", "{96154366-56FF-4922-97E1-F9ECEAAF5AA6}"
	ProjectSection(SolutionItems) = preProject
		.editorconfig = .editorconfig
	EndProjectSection
EndProject
Project("{9A19103F-16F7-4668-BE54-9A1E7A4F7556}") = "FysioWebApplication", "Fysio WebApplication\FysioWebApplication.csproj", "{65FBF8C2-F38C-453B-A30B-68382675CDB7}"
EndProject
Project("{9A19103F-16F7-4668-BE54-9A1E7A4F7556}") = "Identity", "Fysio_Identity\Identity.csproj", "{9564D8FB-C6EE-4640-A38F-AD3546B6DA22}"
EndProject
Project("{9A19103F-16F7-4668-BE54-9A1E7A4F7556}") = "FysioWebApplication.Test", "FysioWebApplication.Test\FysioWebApplication.Test.csproj", "{5C159AA6-C534-4A6E-B0B5-D17201425116}"
EndProject
Project("{9A19103F-16F7-4668-BE54-9A1E7A4F7556}") = "Services.Test", "Library.Data.Tests\Services.Test.csproj", "{1530A60A-2675-4BCB-B749-22CF65EAF132}"
EndProject
Project("{9A19103F-16F7-4668-BE54-9A1E7A4F7556}") = "DomainServices", "DomainServices\DomainServices.csproj", "{C34CA25E-3FA7-4893-814B-ABCCDFE22E73}"
EndProject
Project("{9A19103F-16F7-4668-BE54-9A1E7A4F7556}") = "Core", "Core\Core.csproj", "{F23E3D43-61ED-4408-988A-2059925AA5F1}"
EndProject
Project("{9A19103F-16F7-4668-BE54-9A1E7A4F7556}") = "Services", "Services\Services.csproj", "{06C6DD58-A2E5-4FEA-A6AE-D6C62530B2FF}"
EndProject
Project("{FAE04EC0-301F-11D3-BF4B-00C04F79EFBC}") = "BusinessRules", "BusinessRules\BusinessRules.csproj", "{FE0DCB06-4F45-4AED-B7F0-3E13DF4B56B1}"
EndProject
Project("{9A19103F-16F7-4668-BE54-9A1E7A4F7556}") = "EFFysioData", "EFFysioData\EFFysioData.csproj", "{79B65EB8-8333-4B49-82EC-03FBF759CB5B}"
EndProject
Global
	GlobalSection(SolutionConfigurationPlatforms) = preSolution
		Debug|Any CPU = Debug|Any CPU
		Release|Any CPU = Release|Any CPU
	EndGlobalSection
	GlobalSection(ProjectConfigurationPlatforms) = postSolution
		{253C662D-4722-4B1E-88BD-B8098A8E44BC}.Debug|Any CPU.ActiveCfg = Debug|Any CPU
		{253C662D-4722-4B1E-88BD-B8098A8E44BC}.Debug|Any CPU.Build.0 = Debug|Any CPU
		{253C662D-4722-4B1E-88BD-B8098A8E44BC}.Release|Any CPU.ActiveCfg = Release|Any CPU
		{253C662D-4722-4B1E-88BD-B8098A8E44BC}.Release|Any CPU.Build.0 = Release|Any CPU
		{65FBF8C2-F38C-453B-A30B-68382675CDB7}.Debug|Any CPU.ActiveCfg = Debug|Any CPU
		{65FBF8C2-F38C-453B-A30B-68382675CDB7}.Debug|Any CPU.Build.0 = Debug|Any CPU
		{65FBF8C2-F38C-453B-A30B-68382675CDB7}.Release|Any CPU.ActiveCfg = Release|Any CPU
		{65FBF8C2-F38C-453B-A30B-68382675CDB7}.Release|Any CPU.Build.0 = Release|Any CPU
		{9564D8FB-C6EE-4640-A38F-AD3546B6DA22}.Debug|Any CPU.ActiveCfg = Debug|Any CPU
		{9564D8FB-C6EE-4640-A38F-AD3546B6DA22}.Debug|Any CPU.Build.0 = Debug|Any CPU
		{9564D8FB-C6EE-4640-A38F-AD3546B6DA22}.Release|Any CPU.ActiveCfg = Release|Any CPU
		{9564D8FB-C6EE-4640-A38F-AD3546B6DA22}.Release|Any CPU.Build.0 = Release|Any CPU
		{5C159AA6-C534-4A6E-B0B5-D17201425116}.Debug|Any CPU.ActiveCfg = Debug|Any CPU
		{5C159AA6-C534-4A6E-B0B5-D17201425116}.Debug|Any CPU.Build.0 = Debug|Any CPU
		{5C159AA6-C534-4A6E-B0B5-D17201425116}.Release|Any CPU.ActiveCfg = Release|Any CPU
		{5C159AA6-C534-4A6E-B0B5-D17201425116}.Release|Any CPU.Build.0 = Release|Any CPU
		{1530A60A-2675-4BCB-B749-22CF65EAF132}.Debug|Any CPU.ActiveCfg = Debug|Any CPU
		{1530A60A-2675-4BCB-B749-22CF65EAF132}.Debug|Any CPU.Build.0 = Debug|Any CPU
		{1530A60A-2675-4BCB-B749-22CF65EAF132}.Release|Any CPU.ActiveCfg = Release|Any CPU
		{1530A60A-2675-4BCB-B749-22CF65EAF132}.Release|Any CPU.Build.0 = Release|Any CPU
		{C34CA25E-3FA7-4893-814B-ABCCDFE22E73}.Debug|Any CPU.ActiveCfg = Debug|Any CPU
		{C34CA25E-3FA7-4893-814B-ABCCDFE22E73}.Debug|Any CPU.Build.0 = Debug|Any CPU
		{C34CA25E-3FA7-4893-814B-ABCCDFE22E73}.Release|Any CPU.ActiveCfg = Release|Any CPU
		{C34CA25E-3FA7-4893-814B-ABCCDFE22E73}.Release|Any CPU.Build.0 = Release|Any CPU
		{F23E3D43-61ED-4408-988A-2059925AA5F1}.Debug|Any CPU.ActiveCfg = Debug|Any CPU
		{F23E3D43-61ED-4408-988A-2059925AA5F1}.Debug|Any CPU.Build.0 = Debug|Any CPU
		{F23E3D43-61ED-4408-988A-2059925AA5F1}.Release|Any CPU.ActiveCfg = Release|Any CPU
		{F23E3D43-61ED-4408-988A-2059925AA5F1}.Release|Any CPU.Build.0 = Release|Any CPU
		{06C6DD58-A2E5-4FEA-A6AE-D6C62530B2FF}.Debug|Any CPU.ActiveCfg = Debug|Any CPU
		{06C6DD58-A2E5-4FEA-A6AE-D6C62530B2FF}.Debug|Any CPU.Build.0 = Debug|Any CPU
		{06C6DD58-A2E5-4FEA-A6AE-D6C62530B2FF}.Release|Any CPU.ActiveCfg = Release|Any CPU
		{06C6DD58-A2E5-4FEA-A6AE-D6C62530B2FF}.Release|Any CPU.Build.0 = Release|Any CPU
		{FE0DCB06-4F45-4AED-B7F0-3E13DF4B56B1}.Debug|Any CPU.ActiveCfg = Debug|Any CPU
		{FE0DCB06-4F45-4AED-B7F0-3E13DF4B56B1}.Debug|Any CPU.Build.0 = Debug|Any CPU
		{FE0DCB06-4F45-4AED-B7F0-3E13DF4B56B1}.Release|Any CPU.ActiveCfg = Release|Any CPU
		{FE0DCB06-4F45-4AED-B7F0-3E13DF4B56B1}.Release|Any CPU.Build.0 = Release|Any CPU
		{79B65EB8-8333-4B49-82EC-03FBF759CB5B}.Debug|Any CPU.ActiveCfg = Debug|Any CPU
		{79B65EB8-8333-4B49-82EC-03FBF759CB5B}.Debug|Any CPU.Build.0 = Debug|Any CPU
		{79B65EB8-8333-4B49-82EC-03FBF759CB5B}.Release|Any CPU.ActiveCfg = Release|Any CPU
		{79B65EB8-8333-4B49-82EC-03FBF759CB5B}.Release|Any CPU.Build.0 = Release|Any CPU
	EndGlobalSection
	GlobalSection(SolutionProperties) = preSolution
		HideSolutionNode = FALSE
	EndGlobalSection
	GlobalSection(ExtensibilityGlobals) = postSolution
		SolutionGuid = {6D96323C-FA0E-4CEF-8A37-1D0863AAB95F}
	EndGlobalSection
EndGlobal
