
Microsoft Visual Studio Solution File, Format Version 12.00
# Visual Studio Version 17
VisualStudioVersion = 17.3.32811.315
MinimumVisualStudioVersion = 10.0.40219.1
Project("{9A19103F-16F7-4668-BE54-9A1E7A4F7556}") = "AvansFysioWebService", "Avans Fysio WebService\AvansFysioWebService.csproj", "{253C662D-4722-4B1E-88BD-B8098A8E44BC}"
EndProject
Project("{9A19103F-16F7-4668-BE54-9A1E7A4F7556}") = "MainLibrary", "MainLibrary\MainLibrary.csproj", "{17232329-B91C-4100-A4BD-AFE81571CED2}"
EndProject
Project("{2150E333-8FDC-42A3-9474-1A3956D46DE8}") = "Solution Items", "Solution Items", "{96154366-56FF-4922-97E1-F9ECEAAF5AA6}"
	ProjectSection(SolutionItems) = preProject
		.editorconfig = .editorconfig
	EndProjectSection
EndProject
Project("{9A19103F-16F7-4668-BE54-9A1E7A4F7556}") = "FysioWebApplication", "Fysio WebApplication\FysioWebApplication.csproj", "{65FBF8C2-F38C-453B-A30B-68382675CDB7}"
EndProject
Project("{9A19103F-16F7-4668-BE54-9A1E7A4F7556}") = "FysioWebApplicationPatientPortal", "FysioWebApplicationPatientPortal\FysioWebApplicationPatientPortal.csproj", "{E0BA29EA-B7B5-4649-8D72-127213209F72}"
EndProject
Project("{9A19103F-16F7-4668-BE54-9A1E7A4F7556}") = "Library.DAL", "Library.DAL\Library.DAL.csproj", "{AA677B37-B6BB-4875-9E1A-DF641A7E67D6}"
EndProject
Project("{9A19103F-16F7-4668-BE54-9A1E7A4F7556}") = "Library.core", "Library.core\Library.core.csproj", "{144FCBD5-5447-4597-A73C-C0078DE5BC89}"
EndProject
Project("{9A19103F-16F7-4668-BE54-9A1E7A4F7556}") = "Library.Domain", "Library.Domain\Library.Domain.csproj", "{1406AFC1-07FF-4AC5-BCA5-596447B589AF}"
EndProject
Project("{9A19103F-16F7-4668-BE54-9A1E7A4F7556}") = "Library.Data", "Library.Data\Library.Data.csproj", "{E730ECCB-4610-421F-AD3A-7244BF9492CA}"
EndProject
Global
	GlobalSection(SolutionConfigurationPlatforms) = preSolution
		Debug|Any CPU = Debug|Any CPU
		Release|Any CPU = Release|Any CPU
	EndGlobalSection
	GlobalSection(ProjectConfigurationPlatforms) = postSolution
		{253C662D-4722-4B1E-88BD-B8098A8E44BC}.Debug|Any CPU.ActiveCfg = Debug|Any CPU
		{253C662D-4722-4B1E-88BD-B8098A8E44BC}.Debug|Any CPU.Build.0 = Debug|Any CPU
		{253C662D-4722-4B1E-88BD-B8098A8E44BC}.Release|Any CPU.ActiveCfg = Release|Any CPU
		{253C662D-4722-4B1E-88BD-B8098A8E44BC}.Release|Any CPU.Build.0 = Release|Any CPU
		{17232329-B91C-4100-A4BD-AFE81571CED2}.Debug|Any CPU.ActiveCfg = Debug|Any CPU
		{17232329-B91C-4100-A4BD-AFE81571CED2}.Debug|Any CPU.Build.0 = Debug|Any CPU
		{17232329-B91C-4100-A4BD-AFE81571CED2}.Release|Any CPU.ActiveCfg = Release|Any CPU
		{17232329-B91C-4100-A4BD-AFE81571CED2}.Release|Any CPU.Build.0 = Release|Any CPU
		{65FBF8C2-F38C-453B-A30B-68382675CDB7}.Debug|Any CPU.ActiveCfg = Debug|Any CPU
		{65FBF8C2-F38C-453B-A30B-68382675CDB7}.Debug|Any CPU.Build.0 = Debug|Any CPU
		{65FBF8C2-F38C-453B-A30B-68382675CDB7}.Release|Any CPU.ActiveCfg = Release|Any CPU
		{65FBF8C2-F38C-453B-A30B-68382675CDB7}.Release|Any CPU.Build.0 = Release|Any CPU
		{E0BA29EA-B7B5-4649-8D72-127213209F72}.Debug|Any CPU.ActiveCfg = Debug|Any CPU
		{E0BA29EA-B7B5-4649-8D72-127213209F72}.Debug|Any CPU.Build.0 = Debug|Any CPU
		{E0BA29EA-B7B5-4649-8D72-127213209F72}.Release|Any CPU.ActiveCfg = Release|Any CPU
		{E0BA29EA-B7B5-4649-8D72-127213209F72}.Release|Any CPU.Build.0 = Release|Any CPU
		{AA677B37-B6BB-4875-9E1A-DF641A7E67D6}.Debug|Any CPU.ActiveCfg = Debug|Any CPU
		{AA677B37-B6BB-4875-9E1A-DF641A7E67D6}.Debug|Any CPU.Build.0 = Debug|Any CPU
		{AA677B37-B6BB-4875-9E1A-DF641A7E67D6}.Release|Any CPU.ActiveCfg = Release|Any CPU
		{AA677B37-B6BB-4875-9E1A-DF641A7E67D6}.Release|Any CPU.Build.0 = Release|Any CPU
		{144FCBD5-5447-4597-A73C-C0078DE5BC89}.Debug|Any CPU.ActiveCfg = Debug|Any CPU
		{144FCBD5-5447-4597-A73C-C0078DE5BC89}.Debug|Any CPU.Build.0 = Debug|Any CPU
		{144FCBD5-5447-4597-A73C-C0078DE5BC89}.Release|Any CPU.ActiveCfg = Release|Any CPU
		{144FCBD5-5447-4597-A73C-C0078DE5BC89}.Release|Any CPU.Build.0 = Release|Any CPU
		{1406AFC1-07FF-4AC5-BCA5-596447B589AF}.Debug|Any CPU.ActiveCfg = Debug|Any CPU
		{1406AFC1-07FF-4AC5-BCA5-596447B589AF}.Debug|Any CPU.Build.0 = Debug|Any CPU
		{1406AFC1-07FF-4AC5-BCA5-596447B589AF}.Release|Any CPU.ActiveCfg = Release|Any CPU
		{1406AFC1-07FF-4AC5-BCA5-596447B589AF}.Release|Any CPU.Build.0 = Release|Any CPU
		{E730ECCB-4610-421F-AD3A-7244BF9492CA}.Debug|Any CPU.ActiveCfg = Debug|Any CPU
		{E730ECCB-4610-421F-AD3A-7244BF9492CA}.Debug|Any CPU.Build.0 = Debug|Any CPU
		{E730ECCB-4610-421F-AD3A-7244BF9492CA}.Release|Any CPU.ActiveCfg = Release|Any CPU
		{E730ECCB-4610-421F-AD3A-7244BF9492CA}.Release|Any CPU.Build.0 = Release|Any CPU
	EndGlobalSection
	GlobalSection(SolutionProperties) = preSolution
		HideSolutionNode = FALSE
	EndGlobalSection
	GlobalSection(ExtensibilityGlobals) = postSolution
		SolutionGuid = {6D96323C-FA0E-4CEF-8A37-1D0863AAB95F}
	EndGlobalSection
EndGlobal
